
Microsoft Visual Studio Solution File, Format Version 12.00
# Visual Studio 15
VisualStudioVersion = 15.0.27004.2005
MinimumVisualStudioVersion = 10.0.40219.1
Project("{8BC9CEB8-8B4A-11D0-8D11-00A0C91BC942}") = "Pocker", "Vercation Prictices\Vercation Prictices.vcxproj", "{09B48711-1B70-4059-AD43-D8B8D518A6A6}"
EndProject
Project("{8BC9CEB8-8B4A-11D0-8D11-00A0C91BC942}") = "LinkedList", "LinkedList\LinkedList.vcxproj", "{D81B1842-7698-4E74-8821-34CA7191D459}"
EndProject
Project("{8BC9CEB8-8B4A-11D0-8D11-00A0C91BC942}") = "List2", "List2\List2.vcxproj", "{FC1C9661-3D44-4FEA-B680-F06300315298}"
EndProject
Global
	GlobalSection(SolutionConfigurationPlatforms) = preSolution
		Debug|x64 = Debug|x64
		Debug|x86 = Debug|x86
		Release|x64 = Release|x64
		Release|x86 = Release|x86
	EndGlobalSection
	GlobalSection(ProjectConfigurationPlatforms) = postSolution
		{09B48711-1B70-4059-AD43-D8B8D518A6A6}.Debug|x64.ActiveCfg = Debug|x64
		{09B48711-1B70-4059-AD43-D8B8D518A6A6}.Debug|x64.Build.0 = Debug|x64
		{09B48711-1B70-4059-AD43-D8B8D518A6A6}.Debug|x86.ActiveCfg = Debug|Win32
		{09B48711-1B70-4059-AD43-D8B8D518A6A6}.Debug|x86.Build.0 = Debug|Win32
		{09B48711-1B70-4059-AD43-D8B8D518A6A6}.Release|x64.ActiveCfg = Release|x64
		{09B48711-1B70-4059-AD43-D8B8D518A6A6}.Release|x64.Build.0 = Release|x64
		{09B48711-1B70-4059-AD43-D8B8D518A6A6}.Release|x86.ActiveCfg = Release|Win32
		{09B48711-1B70-4059-AD43-D8B8D518A6A6}.Release|x86.Build.0 = Release|Win32
		{D81B1842-7698-4E74-8821-34CA7191D459}.Debug|x64.ActiveCfg = Debug|x64
		{D81B1842-7698-4E74-8821-34CA7191D459}.Debug|x64.Build.0 = Debug|x64
		{D81B1842-7698-4E74-8821-34CA7191D459}.Debug|x86.ActiveCfg = Debug|Win32
		{D81B1842-7698-4E74-8821-34CA7191D459}.Debug|x86.Build.0 = Debug|Win32
		{D81B1842-7698-4E74-8821-34CA7191D459}.Release|x64.ActiveCfg = Release|x64
		{D81B1842-7698-4E74-8821-34CA7191D459}.Release|x64.Build.0 = Release|x64
		{D81B1842-7698-4E74-8821-34CA7191D459}.Release|x86.ActiveCfg = Release|Win32
		{D81B1842-7698-4E74-8821-34CA7191D459}.Release|x86.Build.0 = Release|Win32
		{FC1C9661-3D44-4FEA-B680-F06300315298}.Debug|x64.ActiveCfg = Debug|x64
		{FC1C9661-3D44-4FEA-B680-F06300315298}.Debug|x64.Build.0 = Debug|x64
		{FC1C9661-3D44-4FEA-B680-F06300315298}.Debug|x86.ActiveCfg = Debug|Win32
		{FC1C9661-3D44-4FEA-B680-F06300315298}.Debug|x86.Build.0 = Debug|Win32
		{FC1C9661-3D44-4FEA-B680-F06300315298}.Release|x64.ActiveCfg = Release|x64
		{FC1C9661-3D44-4FEA-B680-F06300315298}.Release|x64.Build.0 = Release|x64
		{FC1C9661-3D44-4FEA-B680-F06300315298}.Release|x86.ActiveCfg = Release|Win32
		{FC1C9661-3D44-4FEA-B680-F06300315298}.Release|x86.Build.0 = Release|Win32
	EndGlobalSection
	GlobalSection(SolutionProperties) = preSolution
		HideSolutionNode = FALSE
	EndGlobalSection
	GlobalSection(ExtensibilityGlobals) = postSolution
		SolutionGuid = {1CE16DFF-00D0-4602-86C5-4F98BA37E49A}
	EndGlobalSection
EndGlobal
